
Microsoft Visual Studio Solution File, Format Version 12.00
# Visual Studio Version 16
VisualStudioVersion = 16.0.31005.135
MinimumVisualStudioVersion = 10.0.40219.1
Project("{FAE04EC0-301F-11D3-BF4B-00C04F79EFBC}") = "ATSDLab1", "ATSDLab1.csproj", "{6C76ED07-5EAF-4FC1-8831-2FB1C821922E}"
EndProject
Global
	GlobalSection(SolutionConfigurationPlatforms) = preSolution
		Debug|Any CPU = Debug|Any CPU
		Release|Any CPU = Release|Any CPU
	EndGlobalSection
	GlobalSection(ProjectConfigurationPlatforms) = postSolution
		{6C76ED07-5EAF-4FC1-8831-2FB1C821922E}.Debug|Any CPU.ActiveCfg = Debug|Any CPU
		{6C76ED07-5EAF-4FC1-8831-2FB1C821922E}.Debug|Any CPU.Build.0 = Debug|Any CPU
		{6C76ED07-5EAF-4FC1-8831-2FB1C821922E}.Release|Any CPU.ActiveCfg = Release|Any CPU
		{6C76ED07-5EAF-4FC1-8831-2FB1C821922E}.Release|Any CPU.Build.0 = Release|Any CPU
	EndGlobalSection
	GlobalSection(SolutionProperties) = preSolution
		HideSolutionNode = FALSE
	EndGlobalSection
	GlobalSection(ExtensibilityGlobals) = postSolution
		SolutionGuid = {B0394547-14BA-49A6-B265-A50A35C697B8}
	EndGlobalSection
EndGlobal
